{
  "name": "DinoRunner",
  "lockfileVersion": 2,
  "requires": true,
  "packages": {
    "": {
      "dependencies": {
        "@glavin001/genetic-js": "^0.2.1"
      }
    },
    "node_modules/@glavin001/genetic-js": {
      "version": "0.2.1",
      "resolved": "https://registry.npmjs.org/@glavin001/genetic-js/-/genetic-js-0.2.1.tgz",
      "integrity": "sha512-2iZxEL3inGnk2AlBc3o1bmQ3iw7WPCNP8uJO9kfXkXvGIHM2BAu4+fx61pRlvwBQ4nabcUJ9ZHoJxFQaNpT2HQ=="
    }
  },
  "dependencies": {
    "@glavin001/genetic-js": {
      "version": "0.2.1",
      "resolved": "https://registry.npmjs.org/@glavin001/genetic-js/-/genetic-js-0.2.1.tgz",
      "integrity": "sha512-2iZxEL3inGnk2AlBc3o1bmQ3iw7WPCNP8uJO9kfXkXvGIHM2BAu4+fx61pRlvwBQ4nabcUJ9ZHoJxFQaNpT2HQ=="
    }
  }
}
